{
    "_meta": {
        "hash": {
            "sha256": "db33cbb2c256c544d0cd05fbfd53696a98376f8a968500ae6509d1905621fa94"
        },
        "pipfile-spec": 6,
        "requires": {
            "python_full_version": "3.8.16",
            "python_version": "3.8"
        },
        "sources": [
            {
                "name": "pypi",
                "url": "https://pypi.org/simple",
                "verify_ssl": true
            }
        ]
    },
    "default": {},
    "develop": {}
}
